
Microsoft Visual Studio Solution File, Format Version 12.00
# Visual Studio Version 17
VisualStudioVersion = 17.11.35312.102
MinimumVisualStudioVersion = 10.0.40219.1
Project("{FAE04EC0-301F-11D3-BF4B-00C04F79EFBC}") = "generacjahasla", "generacjahasla\generacjahasla.csproj", "{14DAE43F-DAF3-4198-8ECC-F2E45ABBC9D5}"
EndProject
Global
	GlobalSection(SolutionConfigurationPlatforms) = preSolution
		Debug|Any CPU = Debug|Any CPU
		Release|Any CPU = Release|Any CPU
	EndGlobalSection
	GlobalSection(ProjectConfigurationPlatforms) = postSolution
		{14DAE43F-DAF3-4198-8ECC-F2E45ABBC9D5}.Debug|Any CPU.ActiveCfg = Debug|Any CPU
		{14DAE43F-DAF3-4198-8ECC-F2E45ABBC9D5}.Debug|Any CPU.Build.0 = Debug|Any CPU
		{14DAE43F-DAF3-4198-8ECC-F2E45ABBC9D5}.Release|Any CPU.ActiveCfg = Release|Any CPU
		{14DAE43F-DAF3-4198-8ECC-F2E45ABBC9D5}.Release|Any CPU.Build.0 = Release|Any CPU
	EndGlobalSection
	GlobalSection(SolutionProperties) = preSolution
		HideSolutionNode = FALSE
	EndGlobalSection
	GlobalSection(ExtensibilityGlobals) = postSolution
		SolutionGuid = {CF34F6B3-F026-4E4B-A5C4-1F3A8CAAD3E9}
	EndGlobalSection
EndGlobal
